
Microsoft Visual Studio Solution File, Format Version 12.00
# Visual Studio 15
Project("{FAE04EC0-301F-11D3-BF4B-00C04F79EFBC}") = "Assembly-CSharp", "Assembly-CSharp.csproj", "{683834DE-04D2-8E26-9B1E-49762FA8FD0B}"
EndProject
Project("{FAE04EC0-301F-11D3-BF4B-00C04F79EFBC}") = "Assembly-CSharp-Editor", "Assembly-CSharp-Editor.csproj", "{DECB1AE7-11CB-A5A0-D2D9-099CE3786C97}"
EndProject
Global
	GlobalSection(SolutionConfigurationPlatforms) = preSolution
		Debug|Any CPU = Debug|Any CPU
		Release|Any CPU = Release|Any CPU
	EndGlobalSection
	GlobalSection(ProjectConfigurationPlatforms) = postSolution
		{683834DE-04D2-8E26-9B1E-49762FA8FD0B}.Debug|Any CPU.ActiveCfg = Debug|Any CPU
		{683834DE-04D2-8E26-9B1E-49762FA8FD0B}.Debug|Any CPU.Build.0 = Debug|Any CPU
		{683834DE-04D2-8E26-9B1E-49762FA8FD0B}.Release|Any CPU.ActiveCfg = Release|Any CPU
		{683834DE-04D2-8E26-9B1E-49762FA8FD0B}.Release|Any CPU.Build.0 = Release|Any CPU
		{DECB1AE7-11CB-A5A0-D2D9-099CE3786C97}.Debug|Any CPU.ActiveCfg = Debug|Any CPU
		{DECB1AE7-11CB-A5A0-D2D9-099CE3786C97}.Debug|Any CPU.Build.0 = Debug|Any CPU
		{DECB1AE7-11CB-A5A0-D2D9-099CE3786C97}.Release|Any CPU.ActiveCfg = Release|Any CPU
		{DECB1AE7-11CB-A5A0-D2D9-099CE3786C97}.Release|Any CPU.Build.0 = Release|Any CPU
	EndGlobalSection
	GlobalSection(SolutionProperties) = preSolution
		HideSolutionNode = FALSE
	EndGlobalSection
	GlobalSection(MonoDevelopProperties) = preSolution
		StartupItem = Assembly-CSharp.csproj
	EndGlobalSection
EndGlobal
